
Microsoft Visual Studio Solution File, Format Version 12.00
# Visual Studio Version 16
VisualStudioVersion = 16.0.31829.152
MinimumVisualStudioVersion = 10.0.40219.1
Project("{FAE04EC0-301F-11D3-BF4B-00C04F79EFBC}") = "player database", "player database\player database.csproj", "{1A9071A7-485D-40C7-814A-669851AC84C9}"
EndProject
Global
	GlobalSection(SolutionConfigurationPlatforms) = preSolution
		Debug|Any CPU = Debug|Any CPU
		Release|Any CPU = Release|Any CPU
	EndGlobalSection
	GlobalSection(ProjectConfigurationPlatforms) = postSolution
		{1A9071A7-485D-40C7-814A-669851AC84C9}.Debug|Any CPU.ActiveCfg = Debug|Any CPU
		{1A9071A7-485D-40C7-814A-669851AC84C9}.Debug|Any CPU.Build.0 = Debug|Any CPU
		{1A9071A7-485D-40C7-814A-669851AC84C9}.Release|Any CPU.ActiveCfg = Release|Any CPU
		{1A9071A7-485D-40C7-814A-669851AC84C9}.Release|Any CPU.Build.0 = Release|Any CPU
	EndGlobalSection
	GlobalSection(SolutionProperties) = preSolution
		HideSolutionNode = FALSE
	EndGlobalSection
	GlobalSection(ExtensibilityGlobals) = postSolution
		SolutionGuid = {A9B7BBE7-2088-4C3C-9B02-E1340C3254A0}
	EndGlobalSection
EndGlobal
