
Microsoft Visual Studio Solution File, Format Version 12.00
# Visual Studio Version 16
VisualStudioVersion = 16.0.30011.22
MinimumVisualStudioVersion = 10.0.40219.1
Project("{FAE04EC0-301F-11D3-BF4B-00C04F79EFBC}") = "dynamicArrayUp", "dynamicArrayUp\dynamicArrayUp.csproj", "{089A289E-43DE-4382-89E3-135B0EDE5BD3}"
EndProject
Global
	GlobalSection(SolutionConfigurationPlatforms) = preSolution
		Debug|Any CPU = Debug|Any CPU
		Release|Any CPU = Release|Any CPU
	EndGlobalSection
	GlobalSection(ProjectConfigurationPlatforms) = postSolution
		{089A289E-43DE-4382-89E3-135B0EDE5BD3}.Debug|Any CPU.ActiveCfg = Debug|Any CPU
		{089A289E-43DE-4382-89E3-135B0EDE5BD3}.Debug|Any CPU.Build.0 = Debug|Any CPU
		{089A289E-43DE-4382-89E3-135B0EDE5BD3}.Release|Any CPU.ActiveCfg = Release|Any CPU
		{089A289E-43DE-4382-89E3-135B0EDE5BD3}.Release|Any CPU.Build.0 = Release|Any CPU
	EndGlobalSection
	GlobalSection(SolutionProperties) = preSolution
		HideSolutionNode = FALSE
	EndGlobalSection
	GlobalSection(ExtensibilityGlobals) = postSolution
		SolutionGuid = {5660622C-1709-4A46-856B-A612FB8D4188}
	EndGlobalSection
EndGlobal
