
Microsoft Visual Studio Solution File, Format Version 12.00
# Visual Studio Version 16
VisualStudioVersion = 16.0.30011.22
MinimumVisualStudioVersion = 10.0.40219.1
Project("{FAE04EC0-301F-11D3-BF4B-00C04F79EFBC}") = "workingWithClasses", "workingWithClasses\workingWithClasses.csproj", "{B92FE76D-1389-4388-814C-D20AF571353B}"
EndProject
Global
	GlobalSection(SolutionConfigurationPlatforms) = preSolution
		Debug|Any CPU = Debug|Any CPU
		Release|Any CPU = Release|Any CPU
	EndGlobalSection
	GlobalSection(ProjectConfigurationPlatforms) = postSolution
		{B92FE76D-1389-4388-814C-D20AF571353B}.Debug|Any CPU.ActiveCfg = Debug|Any CPU
		{B92FE76D-1389-4388-814C-D20AF571353B}.Debug|Any CPU.Build.0 = Debug|Any CPU
		{B92FE76D-1389-4388-814C-D20AF571353B}.Release|Any CPU.ActiveCfg = Release|Any CPU
		{B92FE76D-1389-4388-814C-D20AF571353B}.Release|Any CPU.Build.0 = Release|Any CPU
	EndGlobalSection
	GlobalSection(SolutionProperties) = preSolution
		HideSolutionNode = FALSE
	EndGlobalSection
	GlobalSection(ExtensibilityGlobals) = postSolution
		SolutionGuid = {34BD4C5D-FA7A-4D59-81A5-47869C0A5A94}
	EndGlobalSection
EndGlobal
