
Microsoft Visual Studio Solution File, Format Version 12.00
# Visual Studio Version 16
VisualStudioVersion = 16.0.29806.167
MinimumVisualStudioVersion = 10.0.40219.1
Project("{FAE04EC0-301F-11D3-BF4B-00C04F79EFBC}") = "Program with password", "Program with password\Program with password.csproj", "{ACBF0A85-60BF-402B-85E2-E36111DCF85C}"
EndProject
Global
	GlobalSection(SolutionConfigurationPlatforms) = preSolution
		Debug|Any CPU = Debug|Any CPU
		Release|Any CPU = Release|Any CPU
	EndGlobalSection
	GlobalSection(ProjectConfigurationPlatforms) = postSolution
		{ACBF0A85-60BF-402B-85E2-E36111DCF85C}.Debug|Any CPU.ActiveCfg = Debug|Any CPU
		{ACBF0A85-60BF-402B-85E2-E36111DCF85C}.Debug|Any CPU.Build.0 = Debug|Any CPU
		{ACBF0A85-60BF-402B-85E2-E36111DCF85C}.Release|Any CPU.ActiveCfg = Release|Any CPU
		{ACBF0A85-60BF-402B-85E2-E36111DCF85C}.Release|Any CPU.Build.0 = Release|Any CPU
	EndGlobalSection
	GlobalSection(SolutionProperties) = preSolution
		HideSolutionNode = FALSE
	EndGlobalSection
	GlobalSection(ExtensibilityGlobals) = postSolution
		SolutionGuid = {8C5C55CF-C2C3-4E15-A990-1F4DBA4881BC}
	EndGlobalSection
EndGlobal
