
Microsoft Visual Studio Solution File, Format Version 12.00
# Visual Studio Version 16
VisualStudioVersion = 16.0.30011.22
MinimumVisualStudioVersion = 10.0.40219.1
Project("{FAE04EC0-301F-11D3-BF4B-00C04F79EFBC}") = "cycles", "cycles\cycles.csproj", "{FB81D3D3-3D0C-4536-9F65-5A1D9E30A642}"
EndProject
Global
	GlobalSection(SolutionConfigurationPlatforms) = preSolution
		Debug|Any CPU = Debug|Any CPU
		Release|Any CPU = Release|Any CPU
	EndGlobalSection
	GlobalSection(ProjectConfigurationPlatforms) = postSolution
		{FB81D3D3-3D0C-4536-9F65-5A1D9E30A642}.Debug|Any CPU.ActiveCfg = Debug|Any CPU
		{FB81D3D3-3D0C-4536-9F65-5A1D9E30A642}.Debug|Any CPU.Build.0 = Debug|Any CPU
		{FB81D3D3-3D0C-4536-9F65-5A1D9E30A642}.Release|Any CPU.ActiveCfg = Release|Any CPU
		{FB81D3D3-3D0C-4536-9F65-5A1D9E30A642}.Release|Any CPU.Build.0 = Release|Any CPU
	EndGlobalSection
	GlobalSection(SolutionProperties) = preSolution
		HideSolutionNode = FALSE
	EndGlobalSection
	GlobalSection(ExtensibilityGlobals) = postSolution
		SolutionGuid = {57B530F1-6324-4468-8E5C-2345E16BA406}
	EndGlobalSection
EndGlobal
